
Microsoft Visual Studio Solution File, Format Version 12.00
# Visual Studio Version 17
VisualStudioVersion = 17.0.31903.59
MinimumVisualStudioVersion = 10.0.40219.1
Project("{FAE04EC0-301F-11D3-BF4B-00C04F79EFBC}") = "DemoApp", "DemoApp\DemoApp.csproj", "{B216D080-8966-4D6C-9F47-31534C064BF0}"
EndProject
Project("{FAE04EC0-301F-11D3-BF4B-00C04F79EFBC}") = "DemoLib", "DemoLib\DemoLib.csproj", "{633653B2-7D90-44E8-A645-4357217A53E3}"
EndProject
Global
	GlobalSection(SolutionConfigurationPlatforms) = preSolution
		Debug|Any CPU = Debug|Any CPU
		Release|Any CPU = Release|Any CPU
	EndGlobalSection
	GlobalSection(SolutionProperties) = preSolution
		HideSolutionNode = FALSE
	EndGlobalSection
	GlobalSection(ProjectConfigurationPlatforms) = postSolution
		{B216D080-8966-4D6C-9F47-31534C064BF0}.Debug|Any CPU.ActiveCfg = Debug|Any CPU
		{B216D080-8966-4D6C-9F47-31534C064BF0}.Debug|Any CPU.Build.0 = Debug|Any CPU
		{B216D080-8966-4D6C-9F47-31534C064BF0}.Release|Any CPU.ActiveCfg = Release|Any CPU
		{B216D080-8966-4D6C-9F47-31534C064BF0}.Release|Any CPU.Build.0 = Release|Any CPU
		{633653B2-7D90-44E8-A645-4357217A53E3}.Debug|Any CPU.ActiveCfg = Debug|Any CPU
		{633653B2-7D90-44E8-A645-4357217A53E3}.Debug|Any CPU.Build.0 = Debug|Any CPU
		{633653B2-7D90-44E8-A645-4357217A53E3}.Release|Any CPU.ActiveCfg = Release|Any CPU
		{633653B2-7D90-44E8-A645-4357217A53E3}.Release|Any CPU.Build.0 = Release|Any CPU
	EndGlobalSection
EndGlobal
